// !$*UTF8*$!
{
	archiveVersion = 1;
	classes = {
	};
	objectVersion = 46;
	objects = {

/* Begin PBXBuildFile section */
		1206D7371F70AF080024FB5C /* main.m in Sources */ = {isa = PBXBuildFile; fileRef = 1206D7361F70AF080024FB5C /* main.m */; };
		1206D73A1F70AF080024FB5C /* AppDelegate.m in Sources */ = {isa = PBXBuildFile; fileRef = 1206D7391F70AF080024FB5C /* AppDelegate.m */; };
		1206D73D1F70AF080024FB5C /* ViewController.m in Sources */ = {isa = PBXBuildFile; fileRef = 1206D73C1F70AF080024FB5C /* ViewController.m */; };
		1206D7401F70AF080024FB5C /* Main.storyboard in Resources */ = {isa = PBXBuildFile; fileRef = 1206D73E1F70AF080024FB5C /* Main.storyboard */; };
		1206D7421F70AF080024FB5C /* Assets.xcassets in Resources */ = {isa = PBXBuildFile; fileRef = 1206D7411F70AF080024FB5C /* Assets.xcassets */; };
		1206D7451F70AF080024FB5C /* LaunchScreen.storyboard in Resources */ = {isa = PBXBuildFile; fileRef = 1206D7431F70AF080024FB5C /* LaunchScreen.storyboard */; };
		1206D7501F70AF080024FB5C /* RunTimeTests.m in Sources */ = {isa = PBXBuildFile; fileRef = 1206D74F1F70AF080024FB5C /* RunTimeTests.m */; };
		1206D75B1F70AF080024FB5C /* RunTimeUITests.m in Sources */ = {isa = PBXBuildFile; fileRef = 1206D75A1F70AF080024FB5C /* RunTimeUITests.m */; };
		1206D7791F70BCF20024FB5C /* AppDelegate+runtimeTest.m in Sources */ = {isa = PBXBuildFile; fileRef = 1206D7781F70BCF20024FB5C /* AppDelegate+runtimeTest.m */; };
		128129221F70DFC800EDB8A6 /* TestTransmitView.m in Sources */ = {isa = PBXBuildFile; fileRef = 128129211F70DFC800EDB8A6 /* TestTransmitView.m */; };
/* End PBXBuildFile section */

/* Begin PBXContainerItemProxy section */
		1206D74C1F70AF080024FB5C /* PBXContainerItemProxy */ = {
			isa = PBXContainerItemProxy;
			containerPortal = 1206D72A1F70AF080024FB5C /* Project object */;
			proxyType = 1;
			remoteGlobalIDString = 1206D7311F70AF080024FB5C;
			remoteInfo = RunTime;
		};
		1206D7571F70AF080024FB5C /* PBXContainerItemProxy */ = {
			isa = PBXContainerItemProxy;
			containerPortal = 1206D72A1F70AF080024FB5C /* Project object */;
			proxyType = 1;
			remoteGlobalIDString = 1206D7311F70AF080024FB5C;
			remoteInfo = RunTime;
		};
/* End PBXContainerItemProxy section */

/* Begin PBXFileReference section */
		1206D7321F70AF080024FB5C /* RunTime.app */ = {isa = PBXFileReference; explicitFileType = wrapper.application; includeInIndex = 0; path = RunTime.app; sourceTree = BUILT_PRODUCTS_DIR; };
		1206D7361F70AF080024FB5C /* main.m */ = {isa = PBXFileReference; lastKnownFileType = sourcecode.c.objc; path = main.m; sourceTree = "<group>"; };
		1206D7381F70AF080024FB5C /* AppDelegate.h */ = {isa = PBXFileReference; lastKnownFileType = sourcecode.c.h; path = AppDelegate.h; sourceTree = "<group>"; };
		1206D7391F70AF080024FB5C /* AppDelegate.m */ = {isa = PBXFileReference; lastKnownFileType = sourcecode.c.objc; path = AppDelegate.m; sourceTree = "<group>"; };
		1206D73B1F70AF080024FB5C /* ViewController.h */ = {isa = PBXFileReference; lastKnownFileType = sourcecode.c.h; path = ViewController.h; sourceTree = "<group>"; };
		1206D73C1F70AF080024FB5C /* ViewController.m */ = {isa = PBXFileReference; lastKnownFileType = sourcecode.c.objc; path = ViewController.m; sourceTree = "<group>"; };
		1206D73F1F70AF080024FB5C /* Base */ = {isa = PBXFileReference; lastKnownFileType = file.storyboard; name = Base; path = Base.lproj/Main.storyboard; sourceTree = "<group>"; };
		1206D7411F70AF080024FB5C /* Assets.xcassets */ = {isa = PBXFileReference; lastKnownFileType = folder.assetcatalog; path = Assets.xcassets; sourceTree = "<group>"; };
		1206D7441F70AF080024FB5C /* Base */ = {isa = PBXFileReference; lastKnownFileType = file.storyboard; name = Base; path = Base.lproj/LaunchScreen.storyboard; sourceTree = "<group>"; };
		1206D7461F70AF080024FB5C /* Info.plist */ = {isa = PBXFileReference; lastKnownFileType = text.plist.xml; path = Info.plist; sourceTree = "<group>"; };
		1206D74B1F70AF080024FB5C /* RunTimeTests.xctest */ = {isa = PBXFileReference; explicitFileType = wrapper.cfbundle; includeInIndex = 0; path = RunTimeTests.xctest; sourceTree = BUILT_PRODUCTS_DIR; };
		1206D74F1F70AF080024FB5C /* RunTimeTests.m */ = {isa = PBXFileReference; lastKnownFileType = sourcecode.c.objc; path = RunTimeTests.m; sourceTree = "<group>"; };
		1206D7511F70AF080024FB5C /* Info.plist */ = {isa = PBXFileReference; lastKnownFileType = text.plist.xml; path = Info.plist; sourceTree = "<group>"; };
		1206D7561F70AF080024FB5C /* RunTimeUITests.xctest */ = {isa = PBXFileReference; explicitFileType = wrapper.cfbundle; includeInIndex = 0; path = RunTimeUITests.xctest; sourceTree = BUILT_PRODUCTS_DIR; };
		1206D75A1F70AF080024FB5C /* RunTimeUITests.m */ = {isa = PBXFileReference; lastKnownFileType = sourcecode.c.objc; path = RunTimeUITests.m; sourceTree = "<group>"; };
		1206D75C1F70AF080024FB5C /* Info.plist */ = {isa = PBXFileReference; lastKnownFileType = text.plist.xml; path = Info.plist; sourceTree = "<group>"; };
		1206D7771F70BCF20024FB5C /* AppDelegate+runtimeTest.h */ = {isa = PBXFileReference; fileEncoding = 4; lastKnownFileType = sourcecode.c.h; path = "AppDelegate+runtimeTest.h"; sourceTree = "<group>"; };
		1206D7781F70BCF20024FB5C /* AppDelegate+runtimeTest.m */ = {isa = PBXFileReference; fileEncoding = 4; lastKnownFileType = sourcecode.c.objc; path = "AppDelegate+runtimeTest.m"; sourceTree = "<group>"; };
		128129201F70DFC800EDB8A6 /* TestTransmitView.h */ = {isa = PBXFileReference; fileEncoding = 4; lastKnownFileType = sourcecode.c.h; path = TestTransmitView.h; sourceTree = "<group>"; };
		128129211F70DFC800EDB8A6 /* TestTransmitView.m */ = {isa = PBXFileReference; fileEncoding = 4; lastKnownFileType = sourcecode.c.objc; path = TestTransmitView.m; sourceTree = "<group>"; };
/* End PBXFileReference section */

/* Begin PBXFrameworksBuildPhase section */
		1206D72F1F70AF080024FB5C /* Frameworks */ = {
			isa = PBXFrameworksBuildPhase;
			buildActionMask = 2147483647;
			files = (
			);
			runOnlyForDeploymentPostprocessing = 0;
		};
		1206D7481F70AF080024FB5C /* Frameworks */ = {
			isa = PBXFrameworksBuildPhase;
			buildActionMask = 2147483647;
			files = (
			);
			runOnlyForDeploymentPostprocessing = 0;
		};
		1206D7531F70AF080024FB5C /* Frameworks */ = {
			isa = PBXFrameworksBuildPhase;
			buildActionMask = 2147483647;
			files = (
			);
			runOnlyForDeploymentPostprocessing = 0;
		};
/* End PBXFrameworksBuildPhase section */

/* Begin PBXGroup section */
		1206D7291F70AF080024FB5C = {
			isa = PBXGroup;
			children = (
				1206D7341F70AF080024FB5C /* RunTime */,
				1206D74E1F70AF080024FB5C /* RunTimeTests */,
				1206D7591F70AF080024FB5C /* RunTimeUITests */,
				1206D7331F70AF080024FB5C /* Products */,
			);
			sourceTree = "<group>";
		};
		1206D7331F70AF080024FB5C /* Products */ = {
			isa = PBXGroup;
			children = (
				1206D7321F70AF080024FB5C /* RunTime.app */,
				1206D74B1F70AF080024FB5C /* RunTimeTests.xctest */,
				1206D7561F70AF080024FB5C /* RunTimeUITests.xctest */,
			);
			name = Products;
			sourceTree = "<group>";
		};
		1206D7341F70AF080024FB5C /* RunTime */ = {
			isa = PBXGroup;
			children = (
				1206D7381F70AF080024FB5C /* AppDelegate.h */,
				1206D7391F70AF080024FB5C /* AppDelegate.m */,
				1206D7771F70BCF20024FB5C /* AppDelegate+runtimeTest.h */,
				1206D7781F70BCF20024FB5C /* AppDelegate+runtimeTest.m */,
				1206D73B1F70AF080024FB5C /* ViewController.h */,
				1206D73C1F70AF080024FB5C /* ViewController.m */,
				128129201F70DFC800EDB8A6 /* TestTransmitView.h */,
				128129211F70DFC800EDB8A6 /* TestTransmitView.m */,
				1206D73E1F70AF080024FB5C /* Main.storyboard */,
				1206D7411F70AF080024FB5C /* Assets.xcassets */,
				1206D7431F70AF080024FB5C /* LaunchScreen.storyboard */,
				1206D7461F70AF080024FB5C /* Info.plist */,
				1206D7351F70AF080024FB5C /* Supporting Files */,
			);
			path = RunTime;
			sourceTree = "<group>";
		};
		1206D7351F70AF080024FB5C /* Supporting Files */ = {
			isa = PBXGroup;
			children = (
				1206D7361F70AF080024FB5C /* main.m */,
			);
			name = "Supporting Files";
			sourceTree = "<group>";
		};
		1206D74E1F70AF080024FB5C /* RunTimeTests */ = {
			isa = PBXGroup;
			children = (
				1206D74F1F70AF080024FB5C /* RunTimeTests.m */,
				1206D7511F70AF080024FB5C /* Info.plist */,
			);
			path = RunTimeTests;
			sourceTree = "<group>";
		};
		1206D7591F70AF080024FB5C /* RunTimeUITests */ = {
			isa = PBXGroup;
			children = (
				1206D75A1F70AF080024FB5C /* RunTimeUITests.m */,
				1206D75C1F70AF080024FB5C /* Info.plist */,
			);
			path = RunTimeUITests;
			sourceTree = "<group>";
		};
/* End PBXGroup section */

/* Begin PBXNativeTarget section */
		1206D7311F70AF080024FB5C /* RunTime */ = {
			isa = PBXNativeTarget;
			buildConfigurationList = 1206D75F1F70AF080024FB5C /* Build configuration list for PBXNativeTarget "RunTime" */;
			buildPhases = (
				1206D72E1F70AF080024FB5C /* Sources */,
				1206D72F1F70AF080024FB5C /* Frameworks */,
				1206D7301F70AF080024FB5C /* Resources */,
			);
			buildRules = (
			);
			dependencies = (
			);
			name = RunTime;
			productName = RunTime;
			productReference = 1206D7321F70AF080024FB5C /* RunTime.app */;
			productType = "com.apple.product-type.application";
		};
		1206D74A1F70AF080024FB5C /* RunTimeTests */ = {
			isa = PBXNativeTarget;
			buildConfigurationList = 1206D7621F70AF080024FB5C /* Build configuration list for PBXNativeTarget "RunTimeTests" */;
			buildPhases = (
				1206D7471F70AF080024FB5C /* Sources */,
				1206D7481F70AF080024FB5C /* Frameworks */,
				1206D7491F70AF080024FB5C /* Resources */,
			);
			buildRules = (
			);
			dependencies = (
				1206D74D1F70AF080024FB5C /* PBXTargetDependency */,
			);
			name = RunTimeTests;
			productName = RunTimeTests;
			productReference = 1206D74B1F70AF080024FB5C /* RunTimeTests.xctest */;
			productType = "com.apple.product-type.bundle.unit-test";
		};
		1206D7551F70AF080024FB5C /* RunTimeUITests */ = {
			isa = PBXNativeTarget;
			buildConfigurationList = 1206D7651F70AF080024FB5C /* Build configuration list for PBXNativeTarget "RunTimeUITests" */;
			buildPhases = (
				1206D7521F70AF080024FB5C /* Sources */,
				1206D7531F70AF080024FB5C /* Frameworks */,
				1206D7541F70AF080024FB5C /* Resources */,
			);
			buildRules = (
			);
			dependencies = (
				1206D7581F70AF080024FB5C /* PBXTargetDependency */,
			);
			name = RunTimeUITests;
			productName = RunTimeUITests;
			productReference = 1206D7561F70AF080024FB5C /* RunTimeUITests.xctest */;
			productType = "com.apple.product-type.bundle.ui-testing";
		};
/* End PBXNativeTarget section */

/* Begin PBXProject section */
		1206D72A1F70AF080024FB5C /* Project object */ = {
			isa = PBXProject;
			attributes = {
				LastUpgradeCheck = 0830;
				ORGANIZATIONNAME = fangxian;
				TargetAttributes = {
					1206D7311F70AF080024FB5C = {
						CreatedOnToolsVersion = 8.3.2;
						ProvisioningStyle = Automatic;
					};
					1206D74A1F70AF080024FB5C = {
						CreatedOnToolsVersion = 8.3.2;
						ProvisioningStyle = Automatic;
						TestTargetID = 1206D7311F70AF080024FB5C;
					};
					1206D7551F70AF080024FB5C = {
						CreatedOnToolsVersion = 8.3.2;
						ProvisioningStyle = Automatic;
						TestTargetID = 1206D7311F70AF080024FB5C;
					};
				};
			};
			buildConfigurationList = 1206D72D1F70AF080024FB5C /* Build configuration list for PBXProject "RunTime" */;
			compatibilityVersion = "Xcode 3.2";
			developmentRegion = English;
			hasScannedForEncodings = 0;
			knownRegions = (
				en,
				Base,
			);
			mainGroup = 1206D7291F70AF080024FB5C;
			productRefGroup = 1206D7331F70AF080024FB5C /* Products */;
			projectDirPath = "";
			projectRoot = "";
			targets = (
				1206D7311F70AF080024FB5C /* RunTime */,
				1206D74A1F70AF080024FB5C /* RunTimeTests */,
				1206D7551F70AF080024FB5C /* RunTimeUITests */,
			);
		};
/* End PBXProject section */

/* Begin PBXResourcesBuildPhase section */
		1206D7301F70AF080024FB5C /* Resources */ = {
			isa = PBXResourcesBuildPhase;
			buildActionMask = 2147483647;
			files = (
				1206D7451F70AF080024FB5C /* LaunchScreen.storyboard in Resources */,
				1206D7421F70AF080024FB5C /* Assets.xcassets in Resources */,
				1206D7401F70AF080024FB5C /* Main.storyboard in Resources */,
			);
			runOnlyForDeploymentPostprocessing = 0;
		};
		1206D7491F70AF080024FB5C /* Resources */ = {
			isa = PBXResourcesBuildPhase;
			buildActionMask = 2147483647;
			files = (
			);
			runOnlyForDeploymentPostprocessing = 0;
		};
		1206D7541F70AF080024FB5C /* Resources */ = {
			isa = PBXResourcesBuildPhase;
			buildActionMask = 2147483647;
			files = (
			);
			runOnlyForDeploymentPostprocessing = 0;
		};
/* End PBXResourcesBuildPhase section */

/* Begin PBXSourcesBuildPhase section */
		1206D72E1F70AF080024FB5C /* Sources */ = {
			isa = PBXSourcesBuildPhase;
			buildActionMask = 2147483647;
			files = (
				1206D73D1F70AF080024FB5C /* ViewController.m in Sources */,
				1206D73A1F70AF080024FB5C /* AppDelegate.m in Sources */,
				1206D7371F70AF080024FB5C /* main.m in Sources */,
				1206D7791F70BCF20024FB5C /* AppDelegate+runtimeTest.m in Sources */,
				128129221F70DFC800EDB8A6 /* TestTransmitView.m in Sources */,
			);
			runOnlyForDeploymentPostprocessing = 0;
		};
		1206D7471F70AF080024FB5C /* Sources */ = {
			isa = PBXSourcesBuildPhase;
			buildActionMask = 2147483647;
			files = (
				1206D7501F70AF080024FB5C /* RunTimeTests.m in Sources */,
			);
			runOnlyForDeploymentPostprocessing = 0;
		};
		1206D7521F70AF080024FB5C /* Sources */ = {
			isa = PBXSourcesBuildPhase;
			buildActionMask = 2147483647;
			files = (
				1206D75B1F70AF080024FB5C /* RunTimeUITests.m in Sources */,
			);
			runOnlyForDeploymentPostprocessing = 0;
		};
/* End PBXSourcesBuildPhase section */

/* Begin PBXTargetDependency section */
		1206D74D1F70AF080024FB5C /* PBXTargetDependency */ = {
			isa = PBXTargetDependency;
			target = 1206D7311F70AF080024FB5C /* RunTime */;
			targetProxy = 1206D74C1F70AF080024FB5C /* PBXContainerItemProxy */;
		};
		1206D7581F70AF080024FB5C /* PBXTargetDependency */ = {
			isa = PBXTargetDependency;
			target = 1206D7311F70AF080024FB5C /* RunTime */;
			targetProxy = 1206D7571F70AF080024FB5C /* PBXContainerItemProxy */;
		};
/* End PBXTargetDependency section */

/* Begin PBXVariantGroup section */
		1206D73E1F70AF080024FB5C /* Main.storyboard */ = {
			isa = PBXVariantGroup;
			children = (
				1206D73F1F70AF080024FB5C /* Base */,
			);
			name = Main.storyboard;
			sourceTree = "<group>";
		};
		1206D7431F70AF080024FB5C /* LaunchScreen.storyboard */ = {
			isa = PBXVariantGroup;
			children = (
				1206D7441F70AF080024FB5C /* Base */,
			);
			name = LaunchScreen.storyboard;
			sourceTree = "<group>";
		};
/* End PBXVariantGroup section */

/* Begin XCBuildConfiguration section */
		1206D75D1F70AF080024FB5C /* Debug */ = {
			isa = XCBuildConfiguration;
			buildSettings = {
				ALWAYS_SEARCH_USER_PATHS = NO;
				CLANG_ANALYZER_NONNULL = YES;
				CLANG_ANALYZER_NUMBER_OBJECT_CONVERSION = YES_AGGRESSIVE;
				CLANG_CXX_LANGUAGE_STANDARD = "gnu++0x";
				CLANG_CXX_LIBRARY = "libc++";
				CLANG_ENABLE_MODULES = YES;
				CLANG_ENABLE_OBJC_ARC = YES;
				CLANG_WARN_BOOL_CONVERSION = YES;
				CLANG_WARN_CONSTANT_CONVERSION = YES;
				CLANG_WARN_DIRECT_OBJC_ISA_USAGE = YES_ERROR;
				CLANG_WARN_DOCUMENTATION_COMMENTS = YES;
				CLANG_WARN_EMPTY_BODY = YES;
				CLANG_WARN_ENUM_CONVERSION = YES;
				CLANG_WARN_INFINITE_RECURSION = YES;
				CLANG_WARN_INT_CONVERSION = YES;
				CLANG_WARN_OBJC_ROOT_CLASS = YES_ERROR;
				CLANG_WARN_SUSPICIOUS_MOVE = YES;
				CLANG_WARN_UNREACHABLE_CODE = YES;
				CLANG_WARN__DUPLICATE_METHOD_MATCH = YES;
				"CODE_SIGN_IDENTITY[sdk=iphoneos*]" = "iPhone Developer";
				COPY_PHASE_STRIP = NO;
				DEBUG_INFORMATION_FORMAT = dwarf;
				ENABLE_STRICT_OBJC_MSGSEND = YES;
				ENABLE_TESTABILITY = YES;
				GCC_C_LANGUAGE_STANDARD = gnu99;
				GCC_DYNAMIC_NO_PIC = NO;
				GCC_NO_COMMON_BLOCKS = YES;
				GCC_OPTIMIZATION_LEVEL = 0;
				GCC_PREPROCESSOR_DEFINITIONS = (
					"DEBUG=1",
					"$(inherited)",
				);
				GCC_WARN_64_TO_32_BIT_CONVERSION = YES;
				GCC_WARN_ABOUT_RETURN_TYPE = YES_ERROR;
				GCC_WARN_UNDECLARED_SELECTOR = YES;
				GCC_WARN_UNINITIALIZED_AUTOS = YES_AGGRESSIVE;
				GCC_WARN_UNUSED_FUNCTION = YES;
				GCC_WARN_UNUSED_VARIABLE = YES;
				IPHONEOS_DEPLOYMENT_TARGET = 10.3;
				MTL_ENABLE_DEBUG_INFO = YES;
				ONLY_ACTIVE_ARCH = YES;
				SDKROOT = iphoneos;
				TARGETED_DEVICE_FAMILY = "1,2";
			};
			name = Debug;
		};
		1206D75E1F70AF080024FB5C /* Release */ = {
			isa = XCBuildConfiguration;
			buildSettings = {
				ALWAYS_SEARCH_USER_PATHS = NO;
				CLANG_ANALYZER_NONNULL = YES;
				CLANG_ANALYZER_NUMBER_OBJECT_CONVERSION = YES_AGGRESSIVE;
				CLANG_CXX_LANGUAGE_STANDARD = "gnu++0x";
				CLANG_CXX_LIBRARY = "libc++";
				CLANG_ENABLE_MODULES = YES;
				CLANG_ENABLE_OBJC_ARC = YES;
				CLANG_WARN_BOOL_CONVERSION = YES;
				CLANG_WARN_CONSTANT_CONVERSION = YES;
				CLANG_WARN_DIRECT_OBJC_ISA_USAGE = YES_ERROR;
				CLANG_WARN_DOCUMENTATION_COMMENTS = YES;
				CLANG_WARN_EMPTY_BODY = YES;
				CLANG_WARN_ENUM_CONVERSION = YES;
				CLANG_WARN_INFINITE_RECURSION = YES;
				CLANG_WARN_INT_CONVERSION = YES;
				CLANG_WARN_OBJC_ROOT_CLASS = YES_ERROR;
				CLANG_WARN_SUSPICIOUS_MOVE = YES;
				CLANG_WARN_UNREACHABLE_CODE = YES;
				CLANG_WARN__DUPLICATE_METHOD_MATCH = YES;
				"CODE_SIGN_IDENTITY[sdk=iphoneos*]" = "iPhone Developer";
				COPY_PHASE_STRIP = NO;
				DEBUG_INFORMATION_FORMAT = "dwarf-with-dsym";
				ENABLE_NS_ASSERTIONS = NO;
				ENABLE_STRICT_OBJC_MSGSEND = YES;
				GCC_C_LANGUAGE_STANDARD = gnu99;
				GCC_NO_COMMON_BLOCKS = YES;
				GCC_WARN_64_TO_32_BIT_CONVERSION = YES;
				GCC_WARN_ABOUT_RETURN_TYPE = YES_ERROR;
				GCC_WARN_UNDECLARED_SELECTOR = YES;
				GCC_WARN_UNINITIALIZED_AUTOS = YES_AGGRESSIVE;
				GCC_WARN_UNUSED_FUNCTION = YES;
				GCC_WARN_UNUSED_VARIABLE = YES;
				IPHONEOS_DEPLOYMENT_TARGET = 10.3;
				MTL_ENABLE_DEBUG_INFO = NO;
				SDKROOT = iphoneos;
				TARGETED_DEVICE_FAMILY = "1,2";
				VALIDATE_PRODUCT = YES;
			};
			name = Release;
		};
		1206D7601F70AF080024FB5C /* Debug */ = {
			isa = XCBuildConfiguration;
			buildSettings = {
				ASSETCATALOG_COMPILER_APPICON_NAME = AppIcon;
				INFOPLIST_FILE = RunTime/Info.plist;
				LD_RUNPATH_SEARCH_PATHS = "$(inherited) @executable_path/Frameworks";
				PRODUCT_BUNDLE_IDENTIFIER = fangxian.RunTime;
				PRODUCT_NAME = "$(TARGET_NAME)";
			};
			name = Debug;
		};
		1206D7611F70AF080024FB5C /* Release */ = {
			isa = XCBuildConfiguration;
			buildSettings = {
				ASSETCATALOG_COMPILER_APPICON_NAME = AppIcon;
				INFOPLIST_FILE = RunTime/Info.plist;
				LD_RUNPATH_SEARCH_PATHS = "$(inherited) @executable_path/Frameworks";
				PRODUCT_BUNDLE_IDENTIFIER = fangxian.RunTime;
				PRODUCT_NAME = "$(TARGET_NAME)";
			};
			name = Release;
		};
		1206D7631F70AF080024FB5C /* Debug */ = {
			isa = XCBuildConfiguration;
			buildSettings = {
				BUNDLE_LOADER = "$(TEST_HOST)";
				INFOPLIST_FILE = RunTimeTests/Info.plist;
				LD_RUNPATH_SEARCH_PATHS = "$(inherited) @executable_path/Frameworks @loader_path/Frameworks";
				PRODUCT_BUNDLE_IDENTIFIER = fangxian.RunTimeTests;
				PRODUCT_NAME = "$(TARGET_NAME)";
				TEST_HOST = "$(BUILT_PRODUCTS_DIR)/RunTime.app/RunTime";
			};
			name = Debug;
		};
		1206D7641F70AF080024FB5C /* Release */ = {
			isa = XCBuildConfiguration;
			buildSettings = {
				BUNDLE_LOADER = "$(TEST_HOST)";
				INFOPLIST_FILE = RunTimeTests/Info.plist;
				LD_RUNPATH_SEARCH_PATHS = "$(inherited) @executable_path/Frameworks @loader_path/Frameworks";
				PRODUCT_BUNDLE_IDENTIFIER = fangxian.RunTimeTests;
				PRODUCT_NAME = "$(TARGET_NAME)";
				TEST_HOST = "$(BUILT_PRODUCTS_DIR)/RunTime.app/RunTime";
			};
			name = Release;
		};
		1206D7661F70AF080024FB5C /* Debug */ = {
			isa = XCBuildConfiguration;
			buildSettings = {
				INFOPLIST_FILE = RunTimeUITests/Info.plist;
				LD_RUNPATH_SEARCH_PATHS = "$(inherited) @executable_path/Frameworks @loader_path/Frameworks";
				PRODUCT_BUNDLE_IDENTIFIER = fangxian.RunTimeUITests;
				PRODUCT_NAME = "$(TARGET_NAME)";
				TEST_TARGET_NAME = RunTime;
			};
			name = Debug;
		};
		1206D7671F70AF080024FB5C /* Release */ = {
			isa = XCBuildConfiguration;
			buildSettings = {
				INFOPLIST_FILE = RunTimeUITests/Info.plist;
				LD_RUNPATH_SEARCH_PATHS = "$(inherited) @executable_path/Frameworks @loader_path/Frameworks";
				PRODUCT_BUNDLE_IDENTIFIER = fangxian.RunTimeUITests;
				PRODUCT_NAME = "$(TARGET_NAME)";
				TEST_TARGET_NAME = RunTime;
			};
			name = Release;
		};
/* End XCBuildConfiguration section */

/* Begin XCConfigurationList section */
		1206D72D1F70AF080024FB5C /* Build configuration list for PBXProject "RunTime" */ = {
			isa = XCConfigurationList;
			buildConfigurations = (
				1206D75D1F70AF080024FB5C /* Debug */,
				1206D75E1F70AF080024FB5C /* Release */,
			);
			defaultConfigurationIsVisible = 0;
			defaultConfigurationName = Release;
		};
		1206D75F1F70AF080024FB5C /* Build configuration list for PBXNativeTarget "RunTime" */ = {
			isa = XCConfigurationList;
			buildConfigurations = (
				1206D7601F70AF080024FB5C /* Debug */,
				1206D7611F70AF080024FB5C /* Release */,
			);
			defaultConfigurationIsVisible = 0;
			defaultConfigurationName = Release;
		};
		1206D7621F70AF080024FB5C /* Build configuration list for PBXNativeTarget "RunTimeTests" */ = {
			isa = XCConfigurationList;
			buildConfigurations = (
				1206D7631F70AF080024FB5C /* Debug */,
				1206D7641F70AF080024FB5C /* Release */,
			);
			defaultConfigurationIsVisible = 0;
			defaultConfigurationName = Release;
		};
		1206D7651F70AF080024FB5C /* Build configuration list for PBXNativeTarget "RunTimeUITests" */ = {
			isa = XCConfigurationList;
			buildConfigurations = (
				1206D7661F70AF080024FB5C /* Debug */,
				1206D7671F70AF080024FB5C /* Release */,
			);
			defaultConfigurationIsVisible = 0;
			defaultConfigurationName = Release;
		};
/* End XCConfigurationList section */
	};
	rootObject = 1206D72A1F70AF080024FB5C /* Project object */;
}
